# THIS IS AN AUTOGENERATED FILE. DO NOT EDIT THIS FILE DIRECTLY.
# yarn lockfile v1


dotenv@^8.0.0:
  version "8.0.0"
  resolved "https://registry.yarnpkg.com/dotenv/-/dotenv-8.0.0.tgz#ed310c165b4e8a97bb745b0a9d99c31bda566440"

sphericalmercator@^1.0.5:
  version "1.0.5"
  resolved "https://registry.yarnpkg.com/sphericalmercator/-/sphericalmercator-1.0.5.tgz#ddc5a049e360e000d0fad9fc22c4071882584980"
